
Microsoft Visual Studio Solution File, Format Version 12.00
# Visual Studio Version 17
VisualStudioVersion = 17.8.34408.163
MinimumVisualStudioVersion = 10.0.40219.1
Project("{FAE04EC0-301F-11D3-BF4B-00C04F79EFBC}") = "Assigenment 1", "Assigenment 1\Assigenment 1.csproj", "{686CEE54-51BF-4D84-A5B0-2D2CF8C87CC5}"
EndProject
Global
	GlobalSection(SolutionConfigurationPlatforms) = preSolution
		Debug|Any CPU = Debug|Any CPU
		Release|Any CPU = Release|Any CPU
	EndGlobalSection
	GlobalSection(ProjectConfigurationPlatforms) = postSolution
		{686CEE54-51BF-4D84-A5B0-2D2CF8C87CC5}.Debug|Any CPU.ActiveCfg = Debug|Any CPU
		{686CEE54-51BF-4D84-A5B0-2D2CF8C87CC5}.Debug|Any CPU.Build.0 = Debug|Any CPU
		{686CEE54-51BF-4D84-A5B0-2D2CF8C87CC5}.Release|Any CPU.ActiveCfg = Release|Any CPU
		{686CEE54-51BF-4D84-A5B0-2D2CF8C87CC5}.Release|Any CPU.Build.0 = Release|Any CPU
	EndGlobalSection
	GlobalSection(SolutionProperties) = preSolution
		HideSolutionNode = FALSE
	EndGlobalSection
	GlobalSection(ExtensibilityGlobals) = postSolution
		SolutionGuid = {B8E20036-60AA-43CB-95EA-E3DF85212647}
	EndGlobalSection
EndGlobal
